// !$*UTF8*$!
{
	archiveVersion = 1;
	classes = {
	};
	objectVersion = 50;
	objects = {

/* Begin PBXBuildFile section */
		2296E6DF266C045800DFBD21 /* AppDelegate.swift in Sources */ = {isa = PBXBuildFile; fileRef = 2296E6DE266C045800DFBD21 /* AppDelegate.swift */; };
		2296E6E1266C045800DFBD21 /* SceneDelegate.swift in Sources */ = {isa = PBXBuildFile; fileRef = 2296E6E0266C045800DFBD21 /* SceneDelegate.swift */; };
		2296E6E3266C045800DFBD21 /* ViewController.swift in Sources */ = {isa = PBXBuildFile; fileRef = 2296E6E2266C045800DFBD21 /* ViewController.swift */; };
		2296E6E6266C045800DFBD21 /* Main.storyboard in Resources */ = {isa = PBXBuildFile; fileRef = 2296E6E4266C045800DFBD21 /* Main.storyboard */; };
		2296E6E8266C045C00DFBD21 /* Assets.xcassets in Resources */ = {isa = PBXBuildFile; fileRef = 2296E6E7266C045C00DFBD21 /* Assets.xcassets */; };
		2296E6EB266C045C00DFBD21 /* LaunchScreen.storyboard in Resources */ = {isa = PBXBuildFile; fileRef = 2296E6E9266C045C00DFBD21 /* LaunchScreen.storyboard */; };
		2296E6F6266C045D00DFBD21 /* GitPracticeProjectTests.swift in Sources */ = {isa = PBXBuildFile; fileRef = 2296E6F5266C045D00DFBD21 /* GitPracticeProjectTests.swift */; };
		2296E701266C045D00DFBD21 /* GitPracticeProjectUITests.swift in Sources */ = {isa = PBXBuildFile; fileRef = 2296E700266C045D00DFBD21 /* GitPracticeProjectUITests.swift */; };
		2296E712266C0F1000DFBD21 /* MapViewController.swift in Sources */ = {isa = PBXBuildFile; fileRef = 2296E711266C0F1000DFBD21 /* MapViewController.swift */; };
/* End PBXBuildFile section */

/* Begin PBXContainerItemProxy section */
		2296E6F2266C045D00DFBD21 /* PBXContainerItemProxy */ = {
			isa = PBXContainerItemProxy;
			containerPortal = 2296E6D3266C045800DFBD21 /* Project object */;
			proxyType = 1;
			remoteGlobalIDString = 2296E6DA266C045800DFBD21;
			remoteInfo = GitPracticeProject;
		};
		2296E6FD266C045D00DFBD21 /* PBXContainerItemProxy */ = {
			isa = PBXContainerItemProxy;
			containerPortal = 2296E6D3266C045800DFBD21 /* Project object */;
			proxyType = 1;
			remoteGlobalIDString = 2296E6DA266C045800DFBD21;
			remoteInfo = GitPracticeProject;
		};
/* End PBXContainerItemProxy section */

/* Begin PBXFileReference section */
		2296E6DB266C045800DFBD21 /* GitPracticeProject.app */ = {isa = PBXFileReference; explicitFileType = wrapper.application; includeInIndex = 0; path = GitPracticeProject.app; sourceTree = BUILT_PRODUCTS_DIR; };
		2296E6DE266C045800DFBD21 /* AppDelegate.swift */ = {isa = PBXFileReference; lastKnownFileType = sourcecode.swift; path = AppDelegate.swift; sourceTree = "<group>"; };
		2296E6E0266C045800DFBD21 /* SceneDelegate.swift */ = {isa = PBXFileReference; lastKnownFileType = sourcecode.swift; path = SceneDelegate.swift; sourceTree = "<group>"; };
		2296E6E2266C045800DFBD21 /* ViewController.swift */ = {isa = PBXFileReference; lastKnownFileType = sourcecode.swift; path = ViewController.swift; sourceTree = "<group>"; };
		2296E6E5266C045800DFBD21 /* Base */ = {isa = PBXFileReference; lastKnownFileType = file.storyboard; name = Base; path = Base.lproj/Main.storyboard; sourceTree = "<group>"; };
		2296E6E7266C045C00DFBD21 /* Assets.xcassets */ = {isa = PBXFileReference; lastKnownFileType = folder.assetcatalog; path = Assets.xcassets; sourceTree = "<group>"; };
		2296E6EA266C045C00DFBD21 /* Base */ = {isa = PBXFileReference; lastKnownFileType = file.storyboard; name = Base; path = Base.lproj/LaunchScreen.storyboard; sourceTree = "<group>"; };
		2296E6EC266C045C00DFBD21 /* Info.plist */ = {isa = PBXFileReference; lastKnownFileType = text.plist.xml; path = Info.plist; sourceTree = "<group>"; };
		2296E6F1266C045C00DFBD21 /* GitPracticeProjectTests.xctest */ = {isa = PBXFileReference; explicitFileType = wrapper.cfbundle; includeInIndex = 0; path = GitPracticeProjectTests.xctest; sourceTree = BUILT_PRODUCTS_DIR; };
		2296E6F5266C045D00DFBD21 /* GitPracticeProjectTests.swift */ = {isa = PBXFileReference; lastKnownFileType = sourcecode.swift; path = GitPracticeProjectTests.swift; sourceTree = "<group>"; };
		2296E6F7266C045D00DFBD21 /* Info.plist */ = {isa = PBXFileReference; lastKnownFileType = text.plist.xml; path = Info.plist; sourceTree = "<group>"; };
		2296E6FC266C045D00DFBD21 /* GitPracticeProjectUITests.xctest */ = {isa = PBXFileReference; explicitFileType = wrapper.cfbundle; includeInIndex = 0; path = GitPracticeProjectUITests.xctest; sourceTree = BUILT_PRODUCTS_DIR; };
		2296E700266C045D00DFBD21 /* GitPracticeProjectUITests.swift */ = {isa = PBXFileReference; lastKnownFileType = sourcecode.swift; path = GitPracticeProjectUITests.swift; sourceTree = "<group>"; };
		2296E702266C045D00DFBD21 /* Info.plist */ = {isa = PBXFileReference; lastKnownFileType = text.plist.xml; path = Info.plist; sourceTree = "<group>"; };
		2296E711266C0F1000DFBD21 /* MapViewController.swift */ = {isa = PBXFileReference; lastKnownFileType = sourcecode.swift; path = MapViewController.swift; sourceTree = "<group>"; };
/* End PBXFileReference section */

/* Begin PBXFrameworksBuildPhase section */
		2296E6D8266C045800DFBD21 /* Frameworks */ = {
			isa = PBXFrameworksBuildPhase;
			buildActionMask = 2147483647;
			files = (
			);
			runOnlyForDeploymentPostprocessing = 0;
		};
		2296E6EE266C045C00DFBD21 /* Frameworks */ = {
			isa = PBXFrameworksBuildPhase;
			buildActionMask = 2147483647;
			files = (
			);
			runOnlyForDeploymentPostprocessing = 0;
		};
		2296E6F9266C045D00DFBD21 /* Frameworks */ = {
			isa = PBXFrameworksBuildPhase;
			buildActionMask = 2147483647;
			files = (
			);
			runOnlyForDeploymentPostprocessing = 0;
		};
/* End PBXFrameworksBuildPhase section */

/* Begin PBXGroup section */
		2296E6D2266C045800DFBD21 = {
			isa = PBXGroup;
			children = (
				2296E6DD266C045800DFBD21 /* GitPracticeProject */,
				2296E6F4266C045D00DFBD21 /* GitPracticeProjectTests */,
				2296E6FF266C045D00DFBD21 /* GitPracticeProjectUITests */,
				2296E6DC266C045800DFBD21 /* Products */,
			);
			sourceTree = "<group>";
		};
		2296E6DC266C045800DFBD21 /* Products */ = {
			isa = PBXGroup;
			children = (
				2296E6DB266C045800DFBD21 /* GitPracticeProject.app */,
				2296E6F1266C045C00DFBD21 /* GitPracticeProjectTests.xctest */,
				2296E6FC266C045D00DFBD21 /* GitPracticeProjectUITests.xctest */,
			);
			name = Products;
			sourceTree = "<group>";
		};
		2296E6DD266C045800DFBD21 /* GitPracticeProject */ = {
			isa = PBXGroup;
			children = (
				2296E6DE266C045800DFBD21 /* AppDelegate.swift */,
				2296E6E0266C045800DFBD21 /* SceneDelegate.swift */,
				2296E6E2266C045800DFBD21 /* ViewController.swift */,
				2296E6E4266C045800DFBD21 /* Main.storyboard */,
				2296E6E7266C045C00DFBD21 /* Assets.xcassets */,
				2296E6E9266C045C00DFBD21 /* LaunchScreen.storyboard */,
				2296E6EC266C045C00DFBD21 /* Info.plist */,
				2296E711266C0F1000DFBD21 /* MapViewController.swift */,
			);
			path = GitPracticeProject;
			sourceTree = "<group>";
		};
		2296E6F4266C045D00DFBD21 /* GitPracticeProjectTests */ = {
			isa = PBXGroup;
			children = (
				2296E6F5266C045D00DFBD21 /* GitPracticeProjectTests.swift */,
				2296E6F7266C045D00DFBD21 /* Info.plist */,
			);
			path = GitPracticeProjectTests;
			sourceTree = "<group>";
		};
		2296E6FF266C045D00DFBD21 /* GitPracticeProjectUITests */ = {
			isa = PBXGroup;
			children = (
				2296E700266C045D00DFBD21 /* GitPracticeProjectUITests.swift */,
				2296E702266C045D00DFBD21 /* Info.plist */,
			);
			path = GitPracticeProjectUITests;
			sourceTree = "<group>";
		};
/* End PBXGroup section */

/* Begin PBXNativeTarget section */
		2296E6DA266C045800DFBD21 /* GitPracticeProject */ = {
			isa = PBXNativeTarget;
			buildConfigurationList = 2296E705266C045D00DFBD21 /* Build configuration list for PBXNativeTarget "GitPracticeProject" */;
			buildPhases = (
				2296E6D7266C045800DFBD21 /* Sources */,
				2296E6D8266C045800DFBD21 /* Frameworks */,
				2296E6D9266C045800DFBD21 /* Resources */,
			);
			buildRules = (
			);
			dependencies = (
			);
			name = GitPracticeProject;
			productName = GitPracticeProject;
			productReference = 2296E6DB266C045800DFBD21 /* GitPracticeProject.app */;
			productType = "com.apple.product-type.application";
		};
		2296E6F0266C045C00DFBD21 /* GitPracticeProjectTests */ = {
			isa = PBXNativeTarget;
			buildConfigurationList = 2296E708266C045D00DFBD21 /* Build configuration list for PBXNativeTarget "GitPracticeProjectTests" */;
			buildPhases = (
				2296E6ED266C045C00DFBD21 /* Sources */,
				2296E6EE266C045C00DFBD21 /* Frameworks */,
				2296E6EF266C045C00DFBD21 /* Resources */,
			);
			buildRules = (
			);
			dependencies = (
				2296E6F3266C045D00DFBD21 /* PBXTargetDependency */,
			);
			name = GitPracticeProjectTests;
			productName = GitPracticeProjectTests;
			productReference = 2296E6F1266C045C00DFBD21 /* GitPracticeProjectTests.xctest */;
			productType = "com.apple.product-type.bundle.unit-test";
		};
		2296E6FB266C045D00DFBD21 /* GitPracticeProjectUITests */ = {
			isa = PBXNativeTarget;
			buildConfigurationList = 2296E70B266C045D00DFBD21 /* Build configuration list for PBXNativeTarget "GitPracticeProjectUITests" */;
			buildPhases = (
				2296E6F8266C045D00DFBD21 /* Sources */,
				2296E6F9266C045D00DFBD21 /* Frameworks */,
				2296E6FA266C045D00DFBD21 /* Resources */,
			);
			buildRules = (
			);
			dependencies = (
				2296E6FE266C045D00DFBD21 /* PBXTargetDependency */,
			);
			name = GitPracticeProjectUITests;
			productName = GitPracticeProjectUITests;
			productReference = 2296E6FC266C045D00DFBD21 /* GitPracticeProjectUITests.xctest */;
			productType = "com.apple.product-type.bundle.ui-testing";
		};
/* End PBXNativeTarget section */

/* Begin PBXProject section */
		2296E6D3266C045800DFBD21 /* Project object */ = {
			isa = PBXProject;
			attributes = {
				LastSwiftUpdateCheck = 1240;
				LastUpgradeCheck = 1240;
				TargetAttributes = {
					2296E6DA266C045800DFBD21 = {
						CreatedOnToolsVersion = 12.4;
					};
					2296E6F0266C045C00DFBD21 = {
						CreatedOnToolsVersion = 12.4;
						TestTargetID = 2296E6DA266C045800DFBD21;
					};
					2296E6FB266C045D00DFBD21 = {
						CreatedOnToolsVersion = 12.4;
						TestTargetID = 2296E6DA266C045800DFBD21;
					};
				};
			};
			buildConfigurationList = 2296E6D6266C045800DFBD21 /* Build configuration list for PBXProject "GitPracticeProject" */;
			compatibilityVersion = "Xcode 9.3";
			developmentRegion = en;
			hasScannedForEncodings = 0;
			knownRegions = (
				en,
				Base,
			);
			mainGroup = 2296E6D2266C045800DFBD21;
			productRefGroup = 2296E6DC266C045800DFBD21 /* Products */;
			projectDirPath = "";
			projectRoot = "";
			targets = (
				2296E6DA266C045800DFBD21 /* GitPracticeProject */,
				2296E6F0266C045C00DFBD21 /* GitPracticeProjectTests */,
				2296E6FB266C045D00DFBD21 /* GitPracticeProjectUITests */,
			);
		};
/* End PBXProject section */

/* Begin PBXResourcesBuildPhase section */
		2296E6D9266C045800DFBD21 /* Resources */ = {
			isa = PBXResourcesBuildPhase;
			buildActionMask = 2147483647;
			files = (
				2296E6EB266C045C00DFBD21 /* LaunchScreen.storyboard in Resources */,
				2296E6E8266C045C00DFBD21 /* Assets.xcassets in Resources */,
				2296E6E6266C045800DFBD21 /* Main.storyboard in Resources */,
			);
			runOnlyForDeploymentPostprocessing = 0;
		};
		2296E6EF266C045C00DFBD21 /* Resources */ = {
			isa = PBXResourcesBuildPhase;
			buildActionMask = 2147483647;
			files = (
			);
			runOnlyForDeploymentPostprocessing = 0;
		};
		2296E6FA266C045D00DFBD21 /* Resources */ = {
			isa = PBXResourcesBuildPhase;
			buildActionMask = 2147483647;
			files = (
			);
			runOnlyForDeploymentPostprocessing = 0;
		};
/* End PBXResourcesBuildPhase section */

/* Begin PBXSourcesBuildPhase section */
		2296E6D7266C045800DFBD21 /* Sources */ = {
			isa = PBXSourcesBuildPhase;
			buildActionMask = 2147483647;
			files = (
				2296E6E3266C045800DFBD21 /* ViewController.swift in Sources */,
				2296E6DF266C045800DFBD21 /* AppDelegate.swift in Sources */,
				2296E6E1266C045800DFBD21 /* SceneDelegate.swift in Sources */,
				2296E712266C0F1000DFBD21 /* MapViewController.swift in Sources */,
			);
			runOnlyForDeploymentPostprocessing = 0;
		};
		2296E6ED266C045C00DFBD21 /* Sources */ = {
			isa = PBXSourcesBuildPhase;
			buildActionMask = 2147483647;
			files = (
				2296E6F6266C045D00DFBD21 /* GitPracticeProjectTests.swift in Sources */,
			);
			runOnlyForDeploymentPostprocessing = 0;
		};
		2296E6F8266C045D00DFBD21 /* Sources */ = {
			isa = PBXSourcesBuildPhase;
			buildActionMask = 2147483647;
			files = (
				2296E701266C045D00DFBD21 /* GitPracticeProjectUITests.swift in Sources */,
			);
			runOnlyForDeploymentPostprocessing = 0;
		};
/* End PBXSourcesBuildPhase section */

/* Begin PBXTargetDependency section */
		2296E6F3266C045D00DFBD21 /* PBXTargetDependency */ = {
			isa = PBXTargetDependency;
			target = 2296E6DA266C045800DFBD21 /* GitPracticeProject */;
			targetProxy = 2296E6F2266C045D00DFBD21 /* PBXContainerItemProxy */;
		};
		2296E6FE266C045D00DFBD21 /* PBXTargetDependency */ = {
			isa = PBXTargetDependency;
			target = 2296E6DA266C045800DFBD21 /* GitPracticeProject */;
			targetProxy = 2296E6FD266C045D00DFBD21 /* PBXContainerItemProxy */;
		};
/* End PBXTargetDependency section */

/* Begin PBXVariantGroup section */
		2296E6E4266C045800DFBD21 /* Main.storyboard */ = {
			isa = PBXVariantGroup;
			children = (
				2296E6E5266C045800DFBD21 /* Base */,
			);
			name = Main.storyboard;
			sourceTree = "<group>";
		};
		2296E6E9266C045C00DFBD21 /* LaunchScreen.storyboard */ = {
			isa = PBXVariantGroup;
			children = (
				2296E6EA266C045C00DFBD21 /* Base */,
			);
			name = LaunchScreen.storyboard;
			sourceTree = "<group>";
		};
/* End PBXVariantGroup section */

/* Begin XCBuildConfiguration section */
		2296E703266C045D00DFBD21 /* Debug */ = {
			isa = XCBuildConfiguration;
			buildSettings = {
				ALWAYS_SEARCH_USER_PATHS = NO;
				CLANG_ANALYZER_NONNULL = YES;
				CLANG_ANALYZER_NUMBER_OBJECT_CONVERSION = YES_AGGRESSIVE;
				CLANG_CXX_LANGUAGE_STANDARD = "gnu++14";
				CLANG_CXX_LIBRARY = "libc++";
				CLANG_ENABLE_MODULES = YES;
				CLANG_ENABLE_OBJC_ARC = YES;
				CLANG_ENABLE_OBJC_WEAK = YES;
				CLANG_WARN_BLOCK_CAPTURE_AUTORELEASING = YES;
				CLANG_WARN_BOOL_CONVERSION = YES;
				CLANG_WARN_COMMA = YES;
				CLANG_WARN_CONSTANT_CONVERSION = YES;
				CLANG_WARN_DEPRECATED_OBJC_IMPLEMENTATIONS = YES;
				CLANG_WARN_DIRECT_OBJC_ISA_USAGE = YES_ERROR;
				CLANG_WARN_DOCUMENTATION_COMMENTS = YES;
				CLANG_WARN_EMPTY_BODY = YES;
				CLANG_WARN_ENUM_CONVERSION = YES;
				CLANG_WARN_INFINITE_RECURSION = YES;
				CLANG_WARN_INT_CONVERSION = YES;
				CLANG_WARN_NON_LITERAL_NULL_CONVERSION = YES;
				CLANG_WARN_OBJC_IMPLICIT_RETAIN_SELF = YES;
				CLANG_WARN_OBJC_LITERAL_CONVERSION = YES;
				CLANG_WARN_OBJC_ROOT_CLASS = YES_ERROR;
				CLANG_WARN_QUOTED_INCLUDE_IN_FRAMEWORK_HEADER = YES;
				CLANG_WARN_RANGE_LOOP_ANALYSIS = YES;
				CLANG_WARN_STRICT_PROTOTYPES = YES;
				CLANG_WARN_SUSPICIOUS_MOVE = YES;
				CLANG_WARN_UNGUARDED_AVAILABILITY = YES_AGGRESSIVE;
				CLANG_WARN_UNREACHABLE_CODE = YES;
				CLANG_WARN__DUPLICATE_METHOD_MATCH = YES;
				COPY_PHASE_STRIP = NO;
				DEBUG_INFORMATION_FORMAT = dwarf;
				ENABLE_STRICT_OBJC_MSGSEND = YES;
				ENABLE_TESTABILITY = YES;
				GCC_C_LANGUAGE_STANDARD = gnu11;
				GCC_DYNAMIC_NO_PIC = NO;
				GCC_NO_COMMON_BLOCKS = YES;
				GCC_OPTIMIZATION_LEVEL = 0;
				GCC_PREPROCESSOR_DEFINITIONS = (
					"DEBUG=1",
					"$(inherited)",
				);
				GCC_WARN_64_TO_32_BIT_CONVERSION = YES;
				GCC_WARN_ABOUT_RETURN_TYPE = YES_ERROR;
				GCC_WARN_UNDECLARED_SELECTOR = YES;
				GCC_WARN_UNINITIALIZED_AUTOS = YES_AGGRESSIVE;
				GCC_WARN_UNUSED_FUNCTION = YES;
				GCC_WARN_UNUSED_VARIABLE = YES;
				IPHONEOS_DEPLOYMENT_TARGET = 14.4;
				MTL_ENABLE_DEBUG_INFO = INCLUDE_SOURCE;
				MTL_FAST_MATH = YES;
				ONLY_ACTIVE_ARCH = YES;
				SDKROOT = iphoneos;
				SWIFT_ACTIVE_COMPILATION_CONDITIONS = DEBUG;
				SWIFT_OPTIMIZATION_LEVEL = "-Onone";
			};
			name = Debug;
		};
		2296E704266C045D00DFBD21 /* Release */ = {
			isa = XCBuildConfiguration;
			buildSettings = {
				ALWAYS_SEARCH_USER_PATHS = NO;
				CLANG_ANALYZER_NONNULL = YES;
				CLANG_ANALYZER_NUMBER_OBJECT_CONVERSION = YES_AGGRESSIVE;
				CLANG_CXX_LANGUAGE_STANDARD = "gnu++14";
				CLANG_CXX_LIBRARY = "libc++";
				CLANG_ENABLE_MODULES = YES;
				CLANG_ENABLE_OBJC_ARC = YES;
				CLANG_ENABLE_OBJC_WEAK = YES;
				CLANG_WARN_BLOCK_CAPTURE_AUTORELEASING = YES;
				CLANG_WARN_BOOL_CONVERSION = YES;
				CLANG_WARN_COMMA = YES;
				CLANG_WARN_CONSTANT_CONVERSION = YES;
				CLANG_WARN_DEPRECATED_OBJC_IMPLEMENTATIONS = YES;
				CLANG_WARN_DIRECT_OBJC_ISA_USAGE = YES_ERROR;
				CLANG_WARN_DOCUMENTATION_COMMENTS = YES;
				CLANG_WARN_EMPTY_BODY = YES;
				CLANG_WARN_ENUM_CONVERSION = YES;
				CLANG_WARN_INFINITE_RECURSION = YES;
				CLANG_WARN_INT_CONVERSION = YES;
				CLANG_WARN_NON_LITERAL_NULL_CONVERSION = YES;
				CLANG_WARN_OBJC_IMPLICIT_RETAIN_SELF = YES;
				CLANG_WARN_OBJC_LITERAL_CONVERSION = YES;
				CLANG_WARN_OBJC_ROOT_CLASS = YES_ERROR;
				CLANG_WARN_QUOTED_INCLUDE_IN_FRAMEWORK_HEADER = YES;
				CLANG_WARN_RANGE_LOOP_ANALYSIS = YES;
				CLANG_WARN_STRICT_PROTOTYPES = YES;
				CLANG_WARN_SUSPICIOUS_MOVE = YES;
				CLANG_WARN_UNGUARDED_AVAILABILITY = YES_AGGRESSIVE;
				CLANG_WARN_UNREACHABLE_CODE = YES;
				CLANG_WARN__DUPLICATE_METHOD_MATCH = YES;
				COPY_PHASE_STRIP = NO;
				DEBUG_INFORMATION_FORMAT = "dwarf-with-dsym";
				ENABLE_NS_ASSERTIONS = NO;
				ENABLE_STRICT_OBJC_MSGSEND = YES;
				GCC_C_LANGUAGE_STANDARD = gnu11;
				GCC_NO_COMMON_BLOCKS = YES;
				GCC_WARN_64_TO_32_BIT_CONVERSION = YES;
				GCC_WARN_ABOUT_RETURN_TYPE = YES_ERROR;
				GCC_WARN_UNDECLARED_SELECTOR = YES;
				GCC_WARN_UNINITIALIZED_AUTOS = YES_AGGRESSIVE;
				GCC_WARN_UNUSED_FUNCTION = YES;
				GCC_WARN_UNUSED_VARIABLE = YES;
				IPHONEOS_DEPLOYMENT_TARGET = 14.4;
				MTL_ENABLE_DEBUG_INFO = NO;
				MTL_FAST_MATH = YES;
				SDKROOT = iphoneos;
				SWIFT_COMPILATION_MODE = wholemodule;
				SWIFT_OPTIMIZATION_LEVEL = "-O";
				VALIDATE_PRODUCT = YES;
			};
			name = Release;
		};
		2296E706266C045D00DFBD21 /* Debug */ = {
			isa = XCBuildConfiguration;
			buildSettings = {
				ASSETCATALOG_COMPILER_APPICON_NAME = AppIcon;
				ASSETCATALOG_COMPILER_GLOBAL_ACCENT_COLOR_NAME = AccentColor;
				CODE_SIGN_STYLE = Automatic;
				DEVELOPMENT_TEAM = UYJ58LU6LU;
				INFOPLIST_FILE = GitPracticeProject/Info.plist;
				LD_RUNPATH_SEARCH_PATHS = (
					"$(inherited)",
					"@executable_path/Frameworks",
				);
				PRODUCT_BUNDLE_IDENTIFIER = com..GitPracticeProject;
				PRODUCT_NAME = "$(TARGET_NAME)";
				SWIFT_VERSION = 5.0;
				TARGETED_DEVICE_FAMILY = "1,2";
			};
			name = Debug;
		};
		2296E707266C045D00DFBD21 /* Release */ = {
			isa = XCBuildConfiguration;
			buildSettings = {
				ASSETCATALOG_COMPILER_APPICON_NAME = AppIcon;
				ASSETCATALOG_COMPILER_GLOBAL_ACCENT_COLOR_NAME = AccentColor;
				CODE_SIGN_STYLE = Automatic;
				DEVELOPMENT_TEAM = UYJ58LU6LU;
				INFOPLIST_FILE = GitPracticeProject/Info.plist;
				LD_RUNPATH_SEARCH_PATHS = (
					"$(inherited)",
					"@executable_path/Frameworks",
				);
				PRODUCT_BUNDLE_IDENTIFIER = com..GitPracticeProject;
				PRODUCT_NAME = "$(TARGET_NAME)";
				SWIFT_VERSION = 5.0;
				TARGETED_DEVICE_FAMILY = "1,2";
			};
			name = Release;
		};
		2296E709266C045D00DFBD21 /* Debug */ = {
			isa = XCBuildConfiguration;
			buildSettings = {
				ALWAYS_EMBED_SWIFT_STANDARD_LIBRARIES = YES;
				BUNDLE_LOADER = "$(TEST_HOST)";
				CODE_SIGN_STYLE = Automatic;
				DEVELOPMENT_TEAM = UYJ58LU6LU;
				INFOPLIST_FILE = GitPracticeProjectTests/Info.plist;
				IPHONEOS_DEPLOYMENT_TARGET = 14.4;
				LD_RUNPATH_SEARCH_PATHS = (
					"$(inherited)",
					"@executable_path/Frameworks",
					"@loader_path/Frameworks",
				);
				PRODUCT_BUNDLE_IDENTIFIER = com..GitPracticeProjectTests;
				PRODUCT_NAME = "$(TARGET_NAME)";
				SWIFT_VERSION = 5.0;
				TARGETED_DEVICE_FAMILY = "1,2";
				TEST_HOST = "$(BUILT_PRODUCTS_DIR)/GitPracticeProject.app/GitPracticeProject";
			};
			name = Debug;
		};
		2296E70A266C045D00DFBD21 /* Release */ = {
			isa = XCBuildConfiguration;
			buildSettings = {
				ALWAYS_EMBED_SWIFT_STANDARD_LIBRARIES = YES;
				BUNDLE_LOADER = "$(TEST_HOST)";
				CODE_SIGN_STYLE = Automatic;
				DEVELOPMENT_TEAM = UYJ58LU6LU;
				INFOPLIST_FILE = GitPracticeProjectTests/Info.plist;
				IPHONEOS_DEPLOYMENT_TARGET = 14.4;
				LD_RUNPATH_SEARCH_PATHS = (
					"$(inherited)",
					"@executable_path/Frameworks",
					"@loader_path/Frameworks",
				);
				PRODUCT_BUNDLE_IDENTIFIER = com..GitPracticeProjectTests;
				PRODUCT_NAME = "$(TARGET_NAME)";
				SWIFT_VERSION = 5.0;
				TARGETED_DEVICE_FAMILY = "1,2";
				TEST_HOST = "$(BUILT_PRODUCTS_DIR)/GitPracticeProject.app/GitPracticeProject";
			};
			name = Release;
		};
		2296E70C266C045D00DFBD21 /* Debug */ = {
			isa = XCBuildConfiguration;
			buildSettings = {
				ALWAYS_EMBED_SWIFT_STANDARD_LIBRARIES = YES;
				CODE_SIGN_STYLE = Automatic;
				DEVELOPMENT_TEAM = UYJ58LU6LU;
				INFOPLIST_FILE = GitPracticeProjectUITests/Info.plist;
				LD_RUNPATH_SEARCH_PATHS = (
					"$(inherited)",
					"@executable_path/Frameworks",
					"@loader_path/Frameworks",
				);
				PRODUCT_BUNDLE_IDENTIFIER = com..GitPracticeProjectUITests;
				PRODUCT_NAME = "$(TARGET_NAME)";
				SWIFT_VERSION = 5.0;
				TARGETED_DEVICE_FAMILY = "1,2";
				TEST_TARGET_NAME = GitPracticeProject;
			};
			name = Debug;
		};
		2296E70D266C045D00DFBD21 /* Release */ = {
			isa = XCBuildConfiguration;
			buildSettings = {
				ALWAYS_EMBED_SWIFT_STANDARD_LIBRARIES = YES;
				CODE_SIGN_STYLE = Automatic;
				DEVELOPMENT_TEAM = UYJ58LU6LU;
				INFOPLIST_FILE = GitPracticeProjectUITests/Info.plist;
				LD_RUNPATH_SEARCH_PATHS = (
					"$(inherited)",
					"@executable_path/Frameworks",
					"@loader_path/Frameworks",
				);
				PRODUCT_BUNDLE_IDENTIFIER = com..GitPracticeProjectUITests;
				PRODUCT_NAME = "$(TARGET_NAME)";
				SWIFT_VERSION = 5.0;
				TARGETED_DEVICE_FAMILY = "1,2";
				TEST_TARGET_NAME = GitPracticeProject;
			};
			name = Release;
		};
/* End XCBuildConfiguration section */

/* Begin XCConfigurationList section */
		2296E6D6266C045800DFBD21 /* Build configuration list for PBXProject "GitPracticeProject" */ = {
			isa = XCConfigurationList;
			buildConfigurations = (
				2296E703266C045D00DFBD21 /* Debug */,
				2296E704266C045D00DFBD21 /* Release */,
			);
			defaultConfigurationIsVisible = 0;
			defaultConfigurationName = Release;
		};
		2296E705266C045D00DFBD21 /* Build configuration list for PBXNativeTarget "GitPracticeProject" */ = {
			isa = XCConfigurationList;
			buildConfigurations = (
				2296E706266C045D00DFBD21 /* Debug */,
				2296E707266C045D00DFBD21 /* Release */,
			);
			defaultConfigurationIsVisible = 0;
			defaultConfigurationName = Release;
		};
		2296E708266C045D00DFBD21 /* Build configuration list for PBXNativeTarget "GitPracticeProjectTests" */ = {
			isa = XCConfigurationList;
			buildConfigurations = (
				2296E709266C045D00DFBD21 /* Debug */,
				2296E70A266C045D00DFBD21 /* Release */,
			);
			defaultConfigurationIsVisible = 0;
			defaultConfigurationName = Release;
		};
		2296E70B266C045D00DFBD21 /* Build configuration list for PBXNativeTarget "GitPracticeProjectUITests" */ = {
			isa = XCConfigurationList;
			buildConfigurations = (
				2296E70C266C045D00DFBD21 /* Debug */,
				2296E70D266C045D00DFBD21 /* Release */,
			);
			defaultConfigurationIsVisible = 0;
			defaultConfigurationName = Release;
		};
/* End XCConfigurationList section */
	};
	rootObject = 2296E6D3266C045800DFBD21 /* Project object */;
}
